
Microsoft Visual Studio Solution File, Format Version 12.00
# Visual Studio Version 17
VisualStudioVersion = 17.8.34330.188
MinimumVisualStudioVersion = 10.0.40219.1
Project("{FAE04EC0-301F-11D3-BF4B-00C04F79EFBC}") = "NIM-CSC130", "NIM-CSC130\NIM-CSC130.csproj", "{8C7DF9E4-6848-4338-B324-984F1C41C4CF}"
EndProject
Global
	GlobalSection(SolutionConfigurationPlatforms) = preSolution
		Debug|Any CPU = Debug|Any CPU
		Release|Any CPU = Release|Any CPU
	EndGlobalSection
	GlobalSection(ProjectConfigurationPlatforms) = postSolution
		{8C7DF9E4-6848-4338-B324-984F1C41C4CF}.Debug|Any CPU.ActiveCfg = Debug|Any CPU
		{8C7DF9E4-6848-4338-B324-984F1C41C4CF}.Debug|Any CPU.Build.0 = Debug|Any CPU
		{8C7DF9E4-6848-4338-B324-984F1C41C4CF}.Release|Any CPU.ActiveCfg = Release|Any CPU
		{8C7DF9E4-6848-4338-B324-984F1C41C4CF}.Release|Any CPU.Build.0 = Release|Any CPU
	EndGlobalSection
	GlobalSection(SolutionProperties) = preSolution
		HideSolutionNode = FALSE
	EndGlobalSection
	GlobalSection(ExtensibilityGlobals) = postSolution
		SolutionGuid = {B632AD22-326D-4634-A90B-D72D084537EC}
	EndGlobalSection
EndGlobal
